{
  "originHash" : "28edbb0bfe5818f18fe2ea8c73420c6b0b4039e69c8a7387717030bc9efbf01f",
  "pins" : [
    {
      "identity" : "errormanager",
      "kind" : "remoteSourceControl",
      "location" : "https://github.com/ernest-danials/ErrorManager",
      "state" : {
        "branch" : "main",
        "revision" : "f95f647413dad123198ece79777764c39e71919e"
      }
    },
    {
      "identity" : "rendermethis",
      "kind" : "remoteSourceControl",
      "location" : "https://github.com/Aeastr/RenderMeThis",
      "state" : {
        "revision" : "2f23239f0639bea17abbd4e17e98f20ff4414b3f",
        "version" : "1.2.0"
      }
    }
  ],
  "version" : 3
}
