{
  "originHash" : "ee16f353c0a943502be36044521fb44fb8e5cce3417c3413a9e7cc2b903f7a63",
  "pins" : [
    {
      "identity" : "rendermethis",
      "kind" : "remoteSourceControl",
      "location" : "https://github.com/Aeastr/RenderMeThis",
      "state" : {
        "revision" : "2f23239f0639bea17abbd4e17e98f20ff4414b3f",
        "version" : "1.2.0"
      }
    }
  ],
  "version" : 3
}
