{
  "originHash" : "8a0522531378023a1c9e2373f56c0f8b054bcbf4b005f07a3e26066da4031da3",
  "pins" : [
    {
      "identity" : "errormanager",
      "kind" : "remoteSourceControl",
      "location" : "https://github.com/ernest-danials/ErrorManager",
      "state" : {
        "branch" : "main",
        "revision" : "f95f647413dad123198ece79777764c39e71919e"
      }
    },
    {
      "identity" : "glowgetter",
      "kind" : "remoteSourceControl",
      "location" : "https://github.com/Aeastr/GlowGetter",
      "state" : {
        "revision" : "867ecae2a296446ec4fc1027c55ca23f41f3b38a",
        "version" : "1.1.0"
      }
    },
    {
      "identity" : "rendermethis",
      "kind" : "remoteSourceControl",
      "location" : "https://github.com/Aeastr/RenderMeThis",
      "state" : {
        "revision" : "2f23239f0639bea17abbd4e17e98f20ff4414b3f",
        "version" : "1.2.0"
      }
    }
  ],
  "version" : 3
}
